// !$*UTF8*$!
{
	archiveVersion = 1;
	classes = {
	};
	objectVersion = 46;
	objects = {

/* Begin PBXBuildFile section */
		BB6F43281F114CEC007D2769 /* AppDelegate.swift in Sources */ = {isa = PBXBuildFile; fileRef = BB6F43271F114CEC007D2769 /* AppDelegate.swift */; };
		BB6F432A1F114CEC007D2769 /* SearchViewController.swift in Sources */ = {isa = PBXBuildFile; fileRef = BB6F43291F114CEC007D2769 /* SearchViewController.swift */; };
		BB6F432D1F114CEC007D2769 /* Main.storyboard in Resources */ = {isa = PBXBuildFile; fileRef = BB6F432B1F114CEC007D2769 /* Main.storyboard */; };
		BB6F432F1F114CEC007D2769 /* Assets.xcassets in Resources */ = {isa = PBXBuildFile; fileRef = BB6F432E1F114CEC007D2769 /* Assets.xcassets */; };
		BB6F433A1F11D3C7007D2769 /* SearchResult.swift in Sources */ = {isa = PBXBuildFile; fileRef = BB6F43391F11D3C7007D2769 /* SearchResult.swift */; };
		BB6F433C1F13CE39007D2769 /* SearchResultCell.xib in Resources */ = {isa = PBXBuildFile; fileRef = BB6F433B1F13CE39007D2769 /* SearchResultCell.xib */; };
		BB6F433E1F13D49D007D2769 /* SearchResultCell.swift in Sources */ = {isa = PBXBuildFile; fileRef = BB6F433D1F13D49D007D2769 /* SearchResultCell.swift */; };
		BB6F43401F1411EE007D2769 /* NothingFoundCell.xib in Resources */ = {isa = PBXBuildFile; fileRef = BB6F433F1F1411EE007D2769 /* NothingFoundCell.xib */; };
		BB6F43421F1E8FBE007D2769 /* LoadingCell.xib in Resources */ = {isa = PBXBuildFile; fileRef = BB6F43411F1E8FBE007D2769 /* LoadingCell.xib */; };
/* End PBXBuildFile section */

/* Begin PBXFileReference section */
		BB6F43241F114CEC007D2769 /* StoreSearch.app */ = {isa = PBXFileReference; explicitFileType = wrapper.application; includeInIndex = 0; path = StoreSearch.app; sourceTree = BUILT_PRODUCTS_DIR; };
		BB6F43271F114CEC007D2769 /* AppDelegate.swift */ = {isa = PBXFileReference; lastKnownFileType = sourcecode.swift; path = AppDelegate.swift; sourceTree = "<group>"; };
		BB6F43291F114CEC007D2769 /* SearchViewController.swift */ = {isa = PBXFileReference; lastKnownFileType = sourcecode.swift; path = SearchViewController.swift; sourceTree = "<group>"; };
		BB6F432C1F114CEC007D2769 /* Base */ = {isa = PBXFileReference; lastKnownFileType = file.storyboard; name = Base; path = Base.lproj/Main.storyboard; sourceTree = "<group>"; };
		BB6F432E1F114CEC007D2769 /* Assets.xcassets */ = {isa = PBXFileReference; lastKnownFileType = folder.assetcatalog; path = Assets.xcassets; sourceTree = "<group>"; };
		BB6F43331F114CEC007D2769 /* Info.plist */ = {isa = PBXFileReference; lastKnownFileType = text.plist.xml; path = Info.plist; sourceTree = "<group>"; };
		BB6F43391F11D3C7007D2769 /* SearchResult.swift */ = {isa = PBXFileReference; fileEncoding = 4; lastKnownFileType = sourcecode.swift; path = SearchResult.swift; sourceTree = "<group>"; };
		BB6F433B1F13CE39007D2769 /* SearchResultCell.xib */ = {isa = PBXFileReference; fileEncoding = 4; lastKnownFileType = file.xib; path = SearchResultCell.xib; sourceTree = "<group>"; };
		BB6F433D1F13D49D007D2769 /* SearchResultCell.swift */ = {isa = PBXFileReference; fileEncoding = 4; lastKnownFileType = sourcecode.swift; path = SearchResultCell.swift; sourceTree = "<group>"; };
		BB6F433F1F1411EE007D2769 /* NothingFoundCell.xib */ = {isa = PBXFileReference; fileEncoding = 4; lastKnownFileType = file.xib; path = NothingFoundCell.xib; sourceTree = "<group>"; };
		BB6F43411F1E8FBE007D2769 /* LoadingCell.xib */ = {isa = PBXFileReference; fileEncoding = 4; lastKnownFileType = file.xib; path = LoadingCell.xib; sourceTree = "<group>"; };
/* End PBXFileReference section */

/* Begin PBXFrameworksBuildPhase section */
		BB6F43211F114CEC007D2769 /* Frameworks */ = {
			isa = PBXFrameworksBuildPhase;
			buildActionMask = 2147483647;
			files = (
			);
			runOnlyForDeploymentPostprocessing = 0;
		};
/* End PBXFrameworksBuildPhase section */

/* Begin PBXGroup section */
		BB6F431B1F114CEC007D2769 = {
			isa = PBXGroup;
			children = (
				BB6F43261F114CEC007D2769 /* StoreSearch */,
				BB6F43251F114CEC007D2769 /* Products */,
			);
			sourceTree = "<group>";
		};
		BB6F43251F114CEC007D2769 /* Products */ = {
			isa = PBXGroup;
			children = (
				BB6F43241F114CEC007D2769 /* StoreSearch.app */,
			);
			name = Products;
			sourceTree = "<group>";
		};
		BB6F43261F114CEC007D2769 /* StoreSearch */ = {
			isa = PBXGroup;
			children = (
				BB6F432E1F114CEC007D2769 /* Assets.xcassets */,
				BB6F43331F114CEC007D2769 /* Info.plist */,
				BB6F43271F114CEC007D2769 /* AppDelegate.swift */,
				BB6F433D1F13D49D007D2769 /* SearchResultCell.swift */,
				BB6F433B1F13CE39007D2769 /* SearchResultCell.xib */,
				BB6F433F1F1411EE007D2769 /* NothingFoundCell.xib */,
				BB6F43411F1E8FBE007D2769 /* LoadingCell.xib */,
				BB6F43391F11D3C7007D2769 /* SearchResult.swift */,
				BB6F43291F114CEC007D2769 /* SearchViewController.swift */,
				BB6F432B1F114CEC007D2769 /* Main.storyboard */,
			);
			path = StoreSearch;
			sourceTree = "<group>";
		};
/* End PBXGroup section */

/* Begin PBXNativeTarget section */
		BB6F43231F114CEC007D2769 /* StoreSearch */ = {
			isa = PBXNativeTarget;
			buildConfigurationList = BB6F43361F114CEC007D2769 /* Build configuration list for PBXNativeTarget "StoreSearch" */;
			buildPhases = (
				BB6F43201F114CEC007D2769 /* Sources */,
				BB6F43211F114CEC007D2769 /* Frameworks */,
				BB6F43221F114CEC007D2769 /* Resources */,
			);
			buildRules = (
			);
			dependencies = (
			);
			name = StoreSearch;
			productName = StoreSearch;
			productReference = BB6F43241F114CEC007D2769 /* StoreSearch.app */;
			productType = "com.apple.product-type.application";
		};
/* End PBXNativeTarget section */

/* Begin PBXProject section */
		BB6F431C1F114CEC007D2769 /* Project object */ = {
			isa = PBXProject;
			attributes = {
				LastSwiftUpdateCheck = 0830;
				LastUpgradeCheck = 0830;
				ORGANIZATIONNAME = "Henri El Daher";
				TargetAttributes = {
					BB6F43231F114CEC007D2769 = {
						CreatedOnToolsVersion = 8.3.3;
						DevelopmentTeam = XA4ZJE9A87;
						ProvisioningStyle = Automatic;
					};
				};
			};
			buildConfigurationList = BB6F431F1F114CEC007D2769 /* Build configuration list for PBXProject "StoreSearch" */;
			compatibilityVersion = "Xcode 3.2";
			developmentRegion = English;
			hasScannedForEncodings = 0;
			knownRegions = (
				en,
				Base,
			);
			mainGroup = BB6F431B1F114CEC007D2769;
			productRefGroup = BB6F43251F114CEC007D2769 /* Products */;
			projectDirPath = "";
			projectRoot = "";
			targets = (
				BB6F43231F114CEC007D2769 /* StoreSearch */,
			);
		};
/* End PBXProject section */

/* Begin PBXResourcesBuildPhase section */
		BB6F43221F114CEC007D2769 /* Resources */ = {
			isa = PBXResourcesBuildPhase;
			buildActionMask = 2147483647;
			files = (
				BB6F432F1F114CEC007D2769 /* Assets.xcassets in Resources */,
				BB6F43421F1E8FBE007D2769 /* LoadingCell.xib in Resources */,
				BB6F433C1F13CE39007D2769 /* SearchResultCell.xib in Resources */,
				BB6F43401F1411EE007D2769 /* NothingFoundCell.xib in Resources */,
				BB6F432D1F114CEC007D2769 /* Main.storyboard in Resources */,
			);
			runOnlyForDeploymentPostprocessing = 0;
		};
/* End PBXResourcesBuildPhase section */

/* Begin PBXSourcesBuildPhase section */
		BB6F43201F114CEC007D2769 /* Sources */ = {
			isa = PBXSourcesBuildPhase;
			buildActionMask = 2147483647;
			files = (
				BB6F432A1F114CEC007D2769 /* SearchViewController.swift in Sources */,
				BB6F433A1F11D3C7007D2769 /* SearchResult.swift in Sources */,
				BB6F433E1F13D49D007D2769 /* SearchResultCell.swift in Sources */,
				BB6F43281F114CEC007D2769 /* AppDelegate.swift in Sources */,
			);
			runOnlyForDeploymentPostprocessing = 0;
		};
/* End PBXSourcesBuildPhase section */

/* Begin PBXVariantGroup section */
		BB6F432B1F114CEC007D2769 /* Main.storyboard */ = {
			isa = PBXVariantGroup;
			children = (
				BB6F432C1F114CEC007D2769 /* Base */,
			);
			name = Main.storyboard;
			sourceTree = "<group>";
		};
/* End PBXVariantGroup section */

/* Begin XCBuildConfiguration section */
		BB6F43341F114CEC007D2769 /* Debug */ = {
			isa = XCBuildConfiguration;
			buildSettings = {
				ALWAYS_SEARCH_USER_PATHS = NO;
				CLANG_ANALYZER_NONNULL = YES;
				CLANG_ANALYZER_NUMBER_OBJECT_CONVERSION = YES_AGGRESSIVE;
				CLANG_CXX_LANGUAGE_STANDARD = "gnu++0x";
				CLANG_CXX_LIBRARY = "libc++";
				CLANG_ENABLE_MODULES = YES;
				CLANG_ENABLE_OBJC_ARC = YES;
				CLANG_WARN_BOOL_CONVERSION = YES;
				CLANG_WARN_CONSTANT_CONVERSION = YES;
				CLANG_WARN_DIRECT_OBJC_ISA_USAGE = YES_ERROR;
				CLANG_WARN_DOCUMENTATION_COMMENTS = YES;
				CLANG_WARN_EMPTY_BODY = YES;
				CLANG_WARN_ENUM_CONVERSION = YES;
				CLANG_WARN_INFINITE_RECURSION = YES;
				CLANG_WARN_INT_CONVERSION = YES;
				CLANG_WARN_OBJC_ROOT_CLASS = YES_ERROR;
				CLANG_WARN_SUSPICIOUS_MOVE = YES;
				CLANG_WARN_UNREACHABLE_CODE = YES;
				CLANG_WARN__DUPLICATE_METHOD_MATCH = YES;
				"CODE_SIGN_IDENTITY[sdk=iphoneos*]" = "iPhone Developer";
				COPY_PHASE_STRIP = NO;
				DEBUG_INFORMATION_FORMAT = dwarf;
				ENABLE_STRICT_OBJC_MSGSEND = YES;
				ENABLE_TESTABILITY = YES;
				GCC_C_LANGUAGE_STANDARD = gnu99;
				GCC_DYNAMIC_NO_PIC = NO;
				GCC_NO_COMMON_BLOCKS = YES;
				GCC_OPTIMIZATION_LEVEL = 0;
				GCC_PREPROCESSOR_DEFINITIONS = (
					"DEBUG=1",
					"$(inherited)",
				);
				GCC_WARN_64_TO_32_BIT_CONVERSION = YES;
				GCC_WARN_ABOUT_RETURN_TYPE = YES_ERROR;
				GCC_WARN_UNDECLARED_SELECTOR = YES;
				GCC_WARN_UNINITIALIZED_AUTOS = YES_AGGRESSIVE;
				GCC_WARN_UNUSED_FUNCTION = YES;
				GCC_WARN_UNUSED_VARIABLE = YES;
				IPHONEOS_DEPLOYMENT_TARGET = 10.3;
				MTL_ENABLE_DEBUG_INFO = YES;
				ONLY_ACTIVE_ARCH = YES;
				SDKROOT = iphoneos;
				SWIFT_ACTIVE_COMPILATION_CONDITIONS = DEBUG;
				SWIFT_OPTIMIZATION_LEVEL = "-Onone";
			};
			name = Debug;
		};
		BB6F43351F114CEC007D2769 /* Release */ = {
			isa = XCBuildConfiguration;
			buildSettings = {
				ALWAYS_SEARCH_USER_PATHS = NO;
				CLANG_ANALYZER_NONNULL = YES;
				CLANG_ANALYZER_NUMBER_OBJECT_CONVERSION = YES_AGGRESSIVE;
				CLANG_CXX_LANGUAGE_STANDARD = "gnu++0x";
				CLANG_CXX_LIBRARY = "libc++";
				CLANG_ENABLE_MODULES = YES;
				CLANG_ENABLE_OBJC_ARC = YES;
				CLANG_WARN_BOOL_CONVERSION = YES;
				CLANG_WARN_CONSTANT_CONVERSION = YES;
				CLANG_WARN_DIRECT_OBJC_ISA_USAGE = YES_ERROR;
				CLANG_WARN_DOCUMENTATION_COMMENTS = YES;
				CLANG_WARN_EMPTY_BODY = YES;
				CLANG_WARN_ENUM_CONVERSION = YES;
				CLANG_WARN_INFINITE_RECURSION = YES;
				CLANG_WARN_INT_CONVERSION = YES;
				CLANG_WARN_OBJC_ROOT_CLASS = YES_ERROR;
				CLANG_WARN_SUSPICIOUS_MOVE = YES;
				CLANG_WARN_UNREACHABLE_CODE = YES;
				CLANG_WARN__DUPLICATE_METHOD_MATCH = YES;
				"CODE_SIGN_IDENTITY[sdk=iphoneos*]" = "iPhone Developer";
				COPY_PHASE_STRIP = NO;
				DEBUG_INFORMATION_FORMAT = "dwarf-with-dsym";
				ENABLE_NS_ASSERTIONS = NO;
				ENABLE_STRICT_OBJC_MSGSEND = YES;
				GCC_C_LANGUAGE_STANDARD = gnu99;
				GCC_NO_COMMON_BLOCKS = YES;
				GCC_WARN_64_TO_32_BIT_CONVERSION = YES;
				GCC_WARN_ABOUT_RETURN_TYPE = YES_ERROR;
				GCC_WARN_UNDECLARED_SELECTOR = YES;
				GCC_WARN_UNINITIALIZED_AUTOS = YES_AGGRESSIVE;
				GCC_WARN_UNUSED_FUNCTION = YES;
				GCC_WARN_UNUSED_VARIABLE = YES;
				IPHONEOS_DEPLOYMENT_TARGET = 10.3;
				MTL_ENABLE_DEBUG_INFO = NO;
				SDKROOT = iphoneos;
				SWIFT_OPTIMIZATION_LEVEL = "-Owholemodule";
				VALIDATE_PRODUCT = YES;
			};
			name = Release;
		};
		BB6F43371F114CEC007D2769 /* Debug */ = {
			isa = XCBuildConfiguration;
			buildSettings = {
				ASSETCATALOG_COMPILER_APPICON_NAME = AppIcon;
				DEVELOPMENT_TEAM = XA4ZJE9A87;
				INFOPLIST_FILE = StoreSearch/Info.plist;
				LD_RUNPATH_SEARCH_PATHS = "$(inherited) @executable_path/Frameworks";
				PRODUCT_BUNDLE_IDENTIFIER = com.henrieldaher.StoreSearch;
				PRODUCT_NAME = "$(TARGET_NAME)";
				SWIFT_VERSION = 3.0;
			};
			name = Debug;
		};
		BB6F43381F114CEC007D2769 /* Release */ = {
			isa = XCBuildConfiguration;
			buildSettings = {
				ASSETCATALOG_COMPILER_APPICON_NAME = AppIcon;
				DEVELOPMENT_TEAM = XA4ZJE9A87;
				INFOPLIST_FILE = StoreSearch/Info.plist;
				LD_RUNPATH_SEARCH_PATHS = "$(inherited) @executable_path/Frameworks";
				PRODUCT_BUNDLE_IDENTIFIER = com.henrieldaher.StoreSearch;
				PRODUCT_NAME = "$(TARGET_NAME)";
				SWIFT_VERSION = 3.0;
			};
			name = Release;
		};
/* End XCBuildConfiguration section */

/* Begin XCConfigurationList section */
		BB6F431F1F114CEC007D2769 /* Build configuration list for PBXProject "StoreSearch" */ = {
			isa = XCConfigurationList;
			buildConfigurations = (
				BB6F43341F114CEC007D2769 /* Debug */,
				BB6F43351F114CEC007D2769 /* Release */,
			);
			defaultConfigurationIsVisible = 0;
			defaultConfigurationName = Release;
		};
		BB6F43361F114CEC007D2769 /* Build configuration list for PBXNativeTarget "StoreSearch" */ = {
			isa = XCConfigurationList;
			buildConfigurations = (
				BB6F43371F114CEC007D2769 /* Debug */,
				BB6F43381F114CEC007D2769 /* Release */,
			);
			defaultConfigurationIsVisible = 0;
			defaultConfigurationName = Release;
		};
/* End XCConfigurationList section */
	};
	rootObject = BB6F431C1F114CEC007D2769 /* Project object */;
}
